
Microsoft Visual Studio Solution File, Format Version 12.00
# Visual Studio Version 17
VisualStudioVersion = 17.4.33403.182
MinimumVisualStudioVersion = 10.0.40219.1
Project("{FAE04EC0-301F-11D3-BF4B-00C04F79EFBC}") = "Xml_ReadD", "Xml_ReadD.csproj", "{591BF288-89DA-4595-80E9-4D27CEE6D2E5}"
EndProject
Global
	GlobalSection(SolutionConfigurationPlatforms) = preSolution
		Debug|Any CPU = Debug|Any CPU
		Release|Any CPU = Release|Any CPU
	EndGlobalSection
	GlobalSection(ProjectConfigurationPlatforms) = postSolution
		{591BF288-89DA-4595-80E9-4D27CEE6D2E5}.Debug|Any CPU.ActiveCfg = Debug|Any CPU
		{591BF288-89DA-4595-80E9-4D27CEE6D2E5}.Debug|Any CPU.Build.0 = Debug|Any CPU
		{591BF288-89DA-4595-80E9-4D27CEE6D2E5}.Release|Any CPU.ActiveCfg = Release|Any CPU
		{591BF288-89DA-4595-80E9-4D27CEE6D2E5}.Release|Any CPU.Build.0 = Release|Any CPU
	EndGlobalSection
	GlobalSection(SolutionProperties) = preSolution
		HideSolutionNode = FALSE
	EndGlobalSection
	GlobalSection(ExtensibilityGlobals) = postSolution
		SolutionGuid = {24990481-31D1-4CFE-8784-A2D779D57A27}
	EndGlobalSection
EndGlobal
